# This file is automatically @generated by Cargo.
# It is not intended for manual editing.
version = 3

[[package]]
name = "aho-corasick"
version = "1.1.2"
source = "registry+https://github.com/rust-lang/crates.io-index"
checksum = "b2969dcb958b36655471fc61f7e416fa76033bdd4bfed0678d8fee1e2d07a1f0"
dependencies = [
 "memchr",
]

[[package]]
name = "cc"
version = "1.0.106"
source = "registry+https://github.com/rust-lang/crates.io-index"
checksum = "066fce287b1d4eafef758e89e09d724a24808a9196fe9756b8ca90e86d0719a2"

[[package]]
name = "extract-bash-command"
version = "1.0.0"
dependencies = [
 "rustop",
 "tree-sitter 0.22.6",
 "tree-sitter-bash",
]

[[package]]
name = "memchr"
version = "2.7.1"
source = "registry+https://github.com/rust-lang/crates.io-index"
checksum = "523dc4f511e55ab87b694dc30d0f820d60906ef06413f93d4d7a1385599cc149"

[[package]]
name = "regex"
version = "1.11.0"
source = "registry+https://github.com/rust-lang/crates.io-index"
checksum = "38200e5ee88914975b69f657f0801b6f6dccafd44fd9326302a4aaeecfacb1d8"
dependencies = [
 "aho-corasick",
 "memchr",
 "regex-automata",
 "regex-syntax",
]

[[package]]
name = "regex-automata"
version = "0.4.8"
source = "registry+https://github.com/rust-lang/crates.io-index"
checksum = "368758f23274712b504848e9d5a6f010445cc8b87a7cdb4d7cbee666c1288da3"
dependencies = [
 "aho-corasick",
 "memchr",
 "regex-syntax",
]

[[package]]
name = "regex-syntax"
version = "0.8.5"
source = "registry+https://github.com/rust-lang/crates.io-index"
checksum = "2b15c43186be67a4fd63bee50d0303afffcef381492ebe2c5d87f324e1b8815c"

[[package]]
name = "rustop"
version = "1.1.4"
source = "registry+https://github.com/rust-lang/crates.io-index"
checksum = "0b5a6a926633a8ce739286680df905e1d1d01db609fc0e09d28e9b901ac7b22f"

[[package]]
name = "tree-sitter"
version = "0.20.10"
source = "registry+https://github.com/rust-lang/crates.io-index"
checksum = "e747b1f9b7b931ed39a548c1fae149101497de3c1fc8d9e18c62c1a66c683d3d"
dependencies = [
 "cc",
 "regex",
]

[[package]]
name = "tree-sitter"
version = "0.22.6"
source = "registry+https://github.com/rust-lang/crates.io-index"
checksum = "df7cc499ceadd4dcdf7ec6d4cbc34ece92c3fa07821e287aedecd4416c516dca"
dependencies = [
 "cc",
 "regex",
]

[[package]]
name = "tree-sitter-bash"
version = "0.20.5"
source = "registry+https://github.com/rust-lang/crates.io-index"
checksum = "57da2032c37eb2ce29fd18df7d3b94355fec8d6d854d8f80934955df542b5906"
dependencies = [
 "cc",
 "tree-sitter 0.20.10",
]
